// !$*UTF8*$!
{
	archiveVersion = 1;
	classes = {
	};
	objectVersion = 50;
	objects = {

/* Begin PBXBuildFile section */
		9F3CDD4C20812B7D00CA47FD /* main.c in Sources */ = {isa = PBXBuildFile; fileRef = 9F3CDD4B20812B7D00CA47FD /* main.c */; };
		9F3CDD50208377C200CA47FD /* main.c in Sources */ = {isa = PBXBuildFile; fileRef = 9F3CDD4F208377C200CA47FD /* main.c */; };
		9F3CDD53208377CD00CA47FD /* master.c in Sources */ = {isa = PBXBuildFile; fileRef = 9F3CDD52208377CD00CA47FD /* master.c */; };
		9F3CDD56208377D600CA47FD /* slave.c in Sources */ = {isa = PBXBuildFile; fileRef = 9F3CDD55208377D600CA47FD /* slave.c */; };
/* End PBXBuildFile section */

/* Begin PBXCopyFilesBuildPhase section */
		9F3CDD3D20812B6000CA47FD /* CopyFiles */ = {
			isa = PBXCopyFilesBuildPhase;
			buildActionMask = 2147483647;
			dstPath = /usr/share/man/man1/;
			dstSubfolderSpec = 0;
			files = (
			);
			runOnlyForDeploymentPostprocessing = 1;
		};
/* End PBXCopyFilesBuildPhase section */

/* Begin PBXFileReference section */
		9F3CDD3F20812B6000CA47FD /* lab5 */ = {isa = PBXFileReference; explicitFileType = "compiled.mach-o.executable"; includeInIndex = 0; path = lab5; sourceTree = BUILT_PRODUCTS_DIR; };
		9F3CDD4A20812B7D00CA47FD /* main.h */ = {isa = PBXFileReference; lastKnownFileType = sourcecode.c.h; path = main.h; sourceTree = "<group>"; };
		9F3CDD4B20812B7D00CA47FD /* main.c */ = {isa = PBXFileReference; lastKnownFileType = sourcecode.c.c; path = main.c; sourceTree = "<group>"; };
		9F3CDD4E208377C200CA47FD /* main.h */ = {isa = PBXFileReference; lastKnownFileType = sourcecode.c.h; path = main.h; sourceTree = "<group>"; };
		9F3CDD4F208377C200CA47FD /* main.c */ = {isa = PBXFileReference; lastKnownFileType = sourcecode.c.c; path = main.c; sourceTree = "<group>"; };
		9F3CDD51208377CD00CA47FD /* master.h */ = {isa = PBXFileReference; lastKnownFileType = sourcecode.c.h; path = master.h; sourceTree = "<group>"; };
		9F3CDD52208377CD00CA47FD /* master.c */ = {isa = PBXFileReference; lastKnownFileType = sourcecode.c.c; path = master.c; sourceTree = "<group>"; };
		9F3CDD54208377D600CA47FD /* slave.h */ = {isa = PBXFileReference; lastKnownFileType = sourcecode.c.h; path = slave.h; sourceTree = "<group>"; };
		9F3CDD55208377D600CA47FD /* slave.c */ = {isa = PBXFileReference; lastKnownFileType = sourcecode.c.c; path = slave.c; sourceTree = "<group>"; };
/* End PBXFileReference section */

/* Begin PBXFrameworksBuildPhase section */
		9F3CDD3C20812B6000CA47FD /* Frameworks */ = {
			isa = PBXFrameworksBuildPhase;
			buildActionMask = 2147483647;
			files = (
			);
			runOnlyForDeploymentPostprocessing = 0;
		};
/* End PBXFrameworksBuildPhase section */

/* Begin PBXGroup section */
		9F3CDD3620812B6000CA47FD = {
			isa = PBXGroup;
			children = (
				9F3CDD4120812B6000CA47FD /* lab5 */,
				9F3CDD4020812B6000CA47FD /* Products */,
			);
			sourceTree = "<group>";
		};
		9F3CDD4020812B6000CA47FD /* Products */ = {
			isa = PBXGroup;
			children = (
				9F3CDD3F20812B6000CA47FD /* lab5 */,
			);
			name = Products;
			sourceTree = "<group>";
		};
		9F3CDD4120812B6000CA47FD /* lab5 */ = {
			isa = PBXGroup;
			children = (
				9F3CDD4D208377AB00CA47FD /* zad2 */,
				9F3CDD4920812B6600CA47FD /* zad1 */,
			);
			path = lab5;
			sourceTree = "<group>";
		};
		9F3CDD4920812B6600CA47FD /* zad1 */ = {
			isa = PBXGroup;
			children = (
				9F3CDD4A20812B7D00CA47FD /* main.h */,
				9F3CDD4B20812B7D00CA47FD /* main.c */,
			);
			path = zad1;
			sourceTree = "<group>";
		};
		9F3CDD4D208377AB00CA47FD /* zad2 */ = {
			isa = PBXGroup;
			children = (
				9F3CDD4E208377C200CA47FD /* main.h */,
				9F3CDD4F208377C200CA47FD /* main.c */,
				9F3CDD51208377CD00CA47FD /* master.h */,
				9F3CDD52208377CD00CA47FD /* master.c */,
				9F3CDD54208377D600CA47FD /* slave.h */,
				9F3CDD55208377D600CA47FD /* slave.c */,
			);
			path = zad2;
			sourceTree = "<group>";
		};
/* End PBXGroup section */

/* Begin PBXNativeTarget section */
		9F3CDD3E20812B6000CA47FD /* lab5 */ = {
			isa = PBXNativeTarget;
			buildConfigurationList = 9F3CDD4620812B6000CA47FD /* Build configuration list for PBXNativeTarget "lab5" */;
			buildPhases = (
				9F3CDD3B20812B6000CA47FD /* Sources */,
				9F3CDD3C20812B6000CA47FD /* Frameworks */,
				9F3CDD3D20812B6000CA47FD /* CopyFiles */,
			);
			buildRules = (
			);
			dependencies = (
			);
			name = lab5;
			productName = lab5;
			productReference = 9F3CDD3F20812B6000CA47FD /* lab5 */;
			productType = "com.apple.product-type.tool";
		};
/* End PBXNativeTarget section */

/* Begin PBXProject section */
		9F3CDD3720812B6000CA47FD /* Project object */ = {
			isa = PBXProject;
			attributes = {
				LastUpgradeCheck = 0930;
				ORGANIZATIONNAME = "Mateusz Zembol";
				TargetAttributes = {
					9F3CDD3E20812B6000CA47FD = {
						CreatedOnToolsVersion = 9.3;
					};
				};
			};
			buildConfigurationList = 9F3CDD3A20812B6000CA47FD /* Build configuration list for PBXProject "lab5" */;
			compatibilityVersion = "Xcode 9.3";
			developmentRegion = en;
			hasScannedForEncodings = 0;
			knownRegions = (
				en,
			);
			mainGroup = 9F3CDD3620812B6000CA47FD;
			productRefGroup = 9F3CDD4020812B6000CA47FD /* Products */;
			projectDirPath = "";
			projectRoot = "";
			targets = (
				9F3CDD3E20812B6000CA47FD /* lab5 */,
			);
		};
/* End PBXProject section */

/* Begin PBXSourcesBuildPhase section */
		9F3CDD3B20812B6000CA47FD /* Sources */ = {
			isa = PBXSourcesBuildPhase;
			buildActionMask = 2147483647;
			files = (
				9F3CDD4C20812B7D00CA47FD /* main.c in Sources */,
				9F3CDD53208377CD00CA47FD /* master.c in Sources */,
				9F3CDD56208377D600CA47FD /* slave.c in Sources */,
				9F3CDD50208377C200CA47FD /* main.c in Sources */,
			);
			runOnlyForDeploymentPostprocessing = 0;
		};
/* End PBXSourcesBuildPhase section */

/* Begin XCBuildConfiguration section */
		9F3CDD4420812B6000CA47FD /* Debug */ = {
			isa = XCBuildConfiguration;
			buildSettings = {
				ALWAYS_SEARCH_USER_PATHS = NO;
				CLANG_ANALYZER_NONNULL = YES;
				CLANG_ANALYZER_NUMBER_OBJECT_CONVERSION = YES_AGGRESSIVE;
				CLANG_CXX_LANGUAGE_STANDARD = "gnu++14";
				CLANG_CXX_LIBRARY = "libc++";
				CLANG_ENABLE_MODULES = YES;
				CLANG_ENABLE_OBJC_ARC = YES;
				CLANG_ENABLE_OBJC_WEAK = YES;
				CLANG_WARN_BLOCK_CAPTURE_AUTORELEASING = YES;
				CLANG_WARN_BOOL_CONVERSION = YES;
				CLANG_WARN_COMMA = YES;
				CLANG_WARN_CONSTANT_CONVERSION = YES;
				CLANG_WARN_DEPRECATED_OBJC_IMPLEMENTATIONS = YES;
				CLANG_WARN_DIRECT_OBJC_ISA_USAGE = YES_ERROR;
				CLANG_WARN_DOCUMENTATION_COMMENTS = YES;
				CLANG_WARN_EMPTY_BODY = YES;
				CLANG_WARN_ENUM_CONVERSION = YES;
				CLANG_WARN_INFINITE_RECURSION = YES;
				CLANG_WARN_INT_CONVERSION = YES;
				CLANG_WARN_NON_LITERAL_NULL_CONVERSION = YES;
				CLANG_WARN_OBJC_IMPLICIT_RETAIN_SELF = YES;
				CLANG_WARN_OBJC_LITERAL_CONVERSION = YES;
				CLANG_WARN_OBJC_ROOT_CLASS = YES_ERROR;
				CLANG_WARN_RANGE_LOOP_ANALYSIS = YES;
				CLANG_WARN_STRICT_PROTOTYPES = YES;
				CLANG_WARN_SUSPICIOUS_MOVE = YES;
				CLANG_WARN_UNGUARDED_AVAILABILITY = YES_AGGRESSIVE;
				CLANG_WARN_UNREACHABLE_CODE = YES;
				CLANG_WARN__DUPLICATE_METHOD_MATCH = YES;
				CODE_SIGN_IDENTITY = "-";
				COPY_PHASE_STRIP = NO;
				DEBUG_INFORMATION_FORMAT = dwarf;
				ENABLE_STRICT_OBJC_MSGSEND = YES;
				ENABLE_TESTABILITY = YES;
				GCC_C_LANGUAGE_STANDARD = gnu11;
				GCC_DYNAMIC_NO_PIC = NO;
				GCC_NO_COMMON_BLOCKS = YES;
				GCC_OPTIMIZATION_LEVEL = 0;
				GCC_PREPROCESSOR_DEFINITIONS = (
					"DEBUG=1",
					"$(inherited)",
				);
				GCC_WARN_64_TO_32_BIT_CONVERSION = YES;
				GCC_WARN_ABOUT_RETURN_TYPE = YES_ERROR;
				GCC_WARN_UNDECLARED_SELECTOR = YES;
				GCC_WARN_UNINITIALIZED_AUTOS = YES_AGGRESSIVE;
				GCC_WARN_UNUSED_FUNCTION = YES;
				GCC_WARN_UNUSED_VARIABLE = YES;
				MACOSX_DEPLOYMENT_TARGET = 10.13;
				MTL_ENABLE_DEBUG_INFO = YES;
				ONLY_ACTIVE_ARCH = YES;
				SDKROOT = macosx;
			};
			name = Debug;
		};
		9F3CDD4520812B6000CA47FD /* Release */ = {
			isa = XCBuildConfiguration;
			buildSettings = {
				ALWAYS_SEARCH_USER_PATHS = NO;
				CLANG_ANALYZER_NONNULL = YES;
				CLANG_ANALYZER_NUMBER_OBJECT_CONVERSION = YES_AGGRESSIVE;
				CLANG_CXX_LANGUAGE_STANDARD = "gnu++14";
				CLANG_CXX_LIBRARY = "libc++";
				CLANG_ENABLE_MODULES = YES;
				CLANG_ENABLE_OBJC_ARC = YES;
				CLANG_ENABLE_OBJC_WEAK = YES;
				CLANG_WARN_BLOCK_CAPTURE_AUTORELEASING = YES;
				CLANG_WARN_BOOL_CONVERSION = YES;
				CLANG_WARN_COMMA = YES;
				CLANG_WARN_CONSTANT_CONVERSION = YES;
				CLANG_WARN_DEPRECATED_OBJC_IMPLEMENTATIONS = YES;
				CLANG_WARN_DIRECT_OBJC_ISA_USAGE = YES_ERROR;
				CLANG_WARN_DOCUMENTATION_COMMENTS = YES;
				CLANG_WARN_EMPTY_BODY = YES;
				CLANG_WARN_ENUM_CONVERSION = YES;
				CLANG_WARN_INFINITE_RECURSION = YES;
				CLANG_WARN_INT_CONVERSION = YES;
				CLANG_WARN_NON_LITERAL_NULL_CONVERSION = YES;
				CLANG_WARN_OBJC_IMPLICIT_RETAIN_SELF = YES;
				CLANG_WARN_OBJC_LITERAL_CONVERSION = YES;
				CLANG_WARN_OBJC_ROOT_CLASS = YES_ERROR;
				CLANG_WARN_RANGE_LOOP_ANALYSIS = YES;
				CLANG_WARN_STRICT_PROTOTYPES = YES;
				CLANG_WARN_SUSPICIOUS_MOVE = YES;
				CLANG_WARN_UNGUARDED_AVAILABILITY = YES_AGGRESSIVE;
				CLANG_WARN_UNREACHABLE_CODE = YES;
				CLANG_WARN__DUPLICATE_METHOD_MATCH = YES;
				CODE_SIGN_IDENTITY = "-";
				COPY_PHASE_STRIP = NO;
				DEBUG_INFORMATION_FORMAT = "dwarf-with-dsym";
				ENABLE_NS_ASSERTIONS = NO;
				ENABLE_STRICT_OBJC_MSGSEND = YES;
				GCC_C_LANGUAGE_STANDARD = gnu11;
				GCC_NO_COMMON_BLOCKS = YES;
				GCC_WARN_64_TO_32_BIT_CONVERSION = YES;
				GCC_WARN_ABOUT_RETURN_TYPE = YES_ERROR;
				GCC_WARN_UNDECLARED_SELECTOR = YES;
				GCC_WARN_UNINITIALIZED_AUTOS = YES_AGGRESSIVE;
				GCC_WARN_UNUSED_FUNCTION = YES;
				GCC_WARN_UNUSED_VARIABLE = YES;
				MACOSX_DEPLOYMENT_TARGET = 10.13;
				MTL_ENABLE_DEBUG_INFO = NO;
				SDKROOT = macosx;
			};
			name = Release;
		};
		9F3CDD4720812B6000CA47FD /* Debug */ = {
			isa = XCBuildConfiguration;
			buildSettings = {
				CODE_SIGN_STYLE = Automatic;
				PRODUCT_NAME = "$(TARGET_NAME)";
			};
			name = Debug;
		};
		9F3CDD4820812B6000CA47FD /* Release */ = {
			isa = XCBuildConfiguration;
			buildSettings = {
				CODE_SIGN_STYLE = Automatic;
				PRODUCT_NAME = "$(TARGET_NAME)";
			};
			name = Release;
		};
/* End XCBuildConfiguration section */

/* Begin XCConfigurationList section */
		9F3CDD3A20812B6000CA47FD /* Build configuration list for PBXProject "lab5" */ = {
			isa = XCConfigurationList;
			buildConfigurations = (
				9F3CDD4420812B6000CA47FD /* Debug */,
				9F3CDD4520812B6000CA47FD /* Release */,
			);
			defaultConfigurationIsVisible = 0;
			defaultConfigurationName = Release;
		};
		9F3CDD4620812B6000CA47FD /* Build configuration list for PBXNativeTarget "lab5" */ = {
			isa = XCConfigurationList;
			buildConfigurations = (
				9F3CDD4720812B6000CA47FD /* Debug */,
				9F3CDD4820812B6000CA47FD /* Release */,
			);
			defaultConfigurationIsVisible = 0;
			defaultConfigurationName = Release;
		};
/* End XCConfigurationList section */
	};
	rootObject = 9F3CDD3720812B6000CA47FD /* Project object */;
}
