// !$*UTF8*$!
{
	archiveVersion = 1;
	classes = {
	};
	objectVersion = 48;
	objects = {

/* Begin PBXBuildFile section */
		9F67664D2059292B0001AAC3 /* main.c in Sources */ = {isa = PBXBuildFile; fileRef = 9F67664C2059292B0001AAC3 /* main.c */; };
		9F676655205995380001AAC3 /* nftw.c in Sources */ = {isa = PBXBuildFile; fileRef = 9F676654205995380001AAC3 /* nftw.c */; };
		9FDF21F3205C080D00CCDF50 /* test.c in Sources */ = {isa = PBXBuildFile; fileRef = 9FDF21F2205C080D00CCDF50 /* test.c */; };
		9FDF21F6205C08E100CCDF50 /* myTime.c in Sources */ = {isa = PBXBuildFile; fileRef = 9FDF21F5205C08E100CCDF50 /* myTime.c */; };
		9FFEF77E205BA30D00DE6D6C /* generator.c in Sources */ = {isa = PBXBuildFile; fileRef = 9FFEF77D205BA30D00DE6D6C /* generator.c */; };
		9FFEF782205BA7B300DE6D6C /* main.c in Sources */ = {isa = PBXBuildFile; fileRef = 9FFEF781205BA7B300DE6D6C /* main.c */; };
		9FFEF785205BADE500DE6D6C /* sort.c in Sources */ = {isa = PBXBuildFile; fileRef = 9FFEF784205BADE500DE6D6C /* sort.c */; };
		9FFEF788205BBB8600DE6D6C /* copy.c in Sources */ = {isa = PBXBuildFile; fileRef = 9FFEF787205BBB8600DE6D6C /* copy.c */; };
/* End PBXBuildFile section */

/* Begin PBXCopyFilesBuildPhase section */
		9F6766472059292B0001AAC3 /* CopyFiles */ = {
			isa = PBXCopyFilesBuildPhase;
			buildActionMask = 2147483647;
			dstPath = /usr/share/man/man1/;
			dstSubfolderSpec = 0;
			files = (
			);
			runOnlyForDeploymentPostprocessing = 1;
		};
/* End PBXCopyFilesBuildPhase section */

/* Begin PBXFileReference section */
		9F6766492059292B0001AAC3 /* lab2 */ = {isa = PBXFileReference; explicitFileType = "compiled.mach-o.executable"; includeInIndex = 0; path = lab2; sourceTree = BUILT_PRODUCTS_DIR; };
		9F67664C2059292B0001AAC3 /* main.c */ = {isa = PBXFileReference; lastKnownFileType = sourcecode.c.c; path = main.c; sourceTree = "<group>"; };
		9F676653205995380001AAC3 /* nftw.h */ = {isa = PBXFileReference; lastKnownFileType = sourcecode.c.h; path = nftw.h; sourceTree = "<group>"; };
		9F676654205995380001AAC3 /* nftw.c */ = {isa = PBXFileReference; lastKnownFileType = sourcecode.c.c; path = nftw.c; sourceTree = "<group>"; };
		9FDF21F1205C080D00CCDF50 /* test.h */ = {isa = PBXFileReference; lastKnownFileType = sourcecode.c.h; path = test.h; sourceTree = "<group>"; };
		9FDF21F2205C080D00CCDF50 /* test.c */ = {isa = PBXFileReference; lastKnownFileType = sourcecode.c.c; path = test.c; sourceTree = "<group>"; };
		9FDF21F4205C08E100CCDF50 /* myTime.h */ = {isa = PBXFileReference; lastKnownFileType = sourcecode.c.h; path = myTime.h; sourceTree = "<group>"; };
		9FDF21F5205C08E100CCDF50 /* myTime.c */ = {isa = PBXFileReference; lastKnownFileType = sourcecode.c.c; path = myTime.c; sourceTree = "<group>"; };
		9FFEF77C205BA30D00DE6D6C /* generator.h */ = {isa = PBXFileReference; lastKnownFileType = sourcecode.c.h; path = generator.h; sourceTree = "<group>"; };
		9FFEF77D205BA30D00DE6D6C /* generator.c */ = {isa = PBXFileReference; lastKnownFileType = sourcecode.c.c; path = generator.c; sourceTree = "<group>"; };
		9FFEF780205BA7B300DE6D6C /* main.h */ = {isa = PBXFileReference; lastKnownFileType = sourcecode.c.h; path = main.h; sourceTree = "<group>"; };
		9FFEF781205BA7B300DE6D6C /* main.c */ = {isa = PBXFileReference; lastKnownFileType = sourcecode.c.c; path = main.c; sourceTree = "<group>"; };
		9FFEF783205BADE500DE6D6C /* sort.h */ = {isa = PBXFileReference; lastKnownFileType = sourcecode.c.h; path = sort.h; sourceTree = "<group>"; };
		9FFEF784205BADE500DE6D6C /* sort.c */ = {isa = PBXFileReference; lastKnownFileType = sourcecode.c.c; path = sort.c; sourceTree = "<group>"; };
		9FFEF786205BBB8600DE6D6C /* copy.h */ = {isa = PBXFileReference; lastKnownFileType = sourcecode.c.h; path = copy.h; sourceTree = "<group>"; };
		9FFEF787205BBB8600DE6D6C /* copy.c */ = {isa = PBXFileReference; lastKnownFileType = sourcecode.c.c; path = copy.c; sourceTree = "<group>"; };
/* End PBXFileReference section */

/* Begin PBXFrameworksBuildPhase section */
		9F6766462059292B0001AAC3 /* Frameworks */ = {
			isa = PBXFrameworksBuildPhase;
			buildActionMask = 2147483647;
			files = (
			);
			runOnlyForDeploymentPostprocessing = 0;
		};
/* End PBXFrameworksBuildPhase section */

/* Begin PBXGroup section */
		9F6766402059292B0001AAC3 = {
			isa = PBXGroup;
			children = (
				9F67664B2059292B0001AAC3 /* lab2 */,
				9F67664A2059292B0001AAC3 /* Products */,
			);
			sourceTree = "<group>";
		};
		9F67664A2059292B0001AAC3 /* Products */ = {
			isa = PBXGroup;
			children = (
				9F6766492059292B0001AAC3 /* lab2 */,
			);
			name = Products;
			sourceTree = "<group>";
		};
		9F67664B2059292B0001AAC3 /* lab2 */ = {
			isa = PBXGroup;
			children = (
				9FFEF77F205BA77000DE6D6C /* zad1 */,
				9F67664C2059292B0001AAC3 /* main.c */,
				9F676653205995380001AAC3 /* nftw.h */,
				9F676654205995380001AAC3 /* nftw.c */,
			);
			path = lab2;
			sourceTree = "<group>";
		};
		9FFEF77F205BA77000DE6D6C /* zad1 */ = {
			isa = PBXGroup;
			children = (
				9FFEF77C205BA30D00DE6D6C /* generator.h */,
				9FFEF77D205BA30D00DE6D6C /* generator.c */,
				9FFEF780205BA7B300DE6D6C /* main.h */,
				9FFEF781205BA7B300DE6D6C /* main.c */,
				9FFEF783205BADE500DE6D6C /* sort.h */,
				9FFEF784205BADE500DE6D6C /* sort.c */,
				9FFEF786205BBB8600DE6D6C /* copy.h */,
				9FFEF787205BBB8600DE6D6C /* copy.c */,
				9FDF21F1205C080D00CCDF50 /* test.h */,
				9FDF21F2205C080D00CCDF50 /* test.c */,
				9FDF21F4205C08E100CCDF50 /* myTime.h */,
				9FDF21F5205C08E100CCDF50 /* myTime.c */,
			);
			path = zad1;
			sourceTree = "<group>";
		};
/* End PBXGroup section */

/* Begin PBXNativeTarget section */
		9F6766482059292B0001AAC3 /* lab2 */ = {
			isa = PBXNativeTarget;
			buildConfigurationList = 9F6766502059292B0001AAC3 /* Build configuration list for PBXNativeTarget "lab2" */;
			buildPhases = (
				9F6766452059292B0001AAC3 /* Sources */,
				9F6766462059292B0001AAC3 /* Frameworks */,
				9F6766472059292B0001AAC3 /* CopyFiles */,
			);
			buildRules = (
			);
			dependencies = (
			);
			name = lab2;
			productName = lab2;
			productReference = 9F6766492059292B0001AAC3 /* lab2 */;
			productType = "com.apple.product-type.tool";
		};
/* End PBXNativeTarget section */

/* Begin PBXProject section */
		9F6766412059292B0001AAC3 /* Project object */ = {
			isa = PBXProject;
			attributes = {
				LastUpgradeCheck = 0920;
				ORGANIZATIONNAME = "Mateusz Zembol";
				TargetAttributes = {
					9F6766482059292B0001AAC3 = {
						CreatedOnToolsVersion = 9.2;
						ProvisioningStyle = Automatic;
					};
				};
			};
			buildConfigurationList = 9F6766442059292B0001AAC3 /* Build configuration list for PBXProject "lab2" */;
			compatibilityVersion = "Xcode 8.0";
			developmentRegion = en;
			hasScannedForEncodings = 0;
			knownRegions = (
				en,
			);
			mainGroup = 9F6766402059292B0001AAC3;
			productRefGroup = 9F67664A2059292B0001AAC3 /* Products */;
			projectDirPath = "";
			projectRoot = "";
			targets = (
				9F6766482059292B0001AAC3 /* lab2 */,
			);
		};
/* End PBXProject section */

/* Begin PBXSourcesBuildPhase section */
		9F6766452059292B0001AAC3 /* Sources */ = {
			isa = PBXSourcesBuildPhase;
			buildActionMask = 2147483647;
			files = (
				9FFEF785205BADE500DE6D6C /* sort.c in Sources */,
				9FDF21F3205C080D00CCDF50 /* test.c in Sources */,
				9FFEF782205BA7B300DE6D6C /* main.c in Sources */,
				9F676655205995380001AAC3 /* nftw.c in Sources */,
				9F67664D2059292B0001AAC3 /* main.c in Sources */,
				9FFEF788205BBB8600DE6D6C /* copy.c in Sources */,
				9FDF21F6205C08E100CCDF50 /* myTime.c in Sources */,
				9FFEF77E205BA30D00DE6D6C /* generator.c in Sources */,
			);
			runOnlyForDeploymentPostprocessing = 0;
		};
/* End PBXSourcesBuildPhase section */

/* Begin XCBuildConfiguration section */
		9F67664E2059292B0001AAC3 /* Debug */ = {
			isa = XCBuildConfiguration;
			buildSettings = {
				ALWAYS_SEARCH_USER_PATHS = NO;
				CLANG_ANALYZER_NONNULL = YES;
				CLANG_ANALYZER_NUMBER_OBJECT_CONVERSION = YES_AGGRESSIVE;
				CLANG_CXX_LANGUAGE_STANDARD = "gnu++14";
				CLANG_CXX_LIBRARY = "libc++";
				CLANG_ENABLE_MODULES = YES;
				CLANG_ENABLE_OBJC_ARC = YES;
				CLANG_WARN_BLOCK_CAPTURE_AUTORELEASING = YES;
				CLANG_WARN_BOOL_CONVERSION = YES;
				CLANG_WARN_COMMA = YES;
				CLANG_WARN_CONSTANT_CONVERSION = YES;
				CLANG_WARN_DIRECT_OBJC_ISA_USAGE = YES_ERROR;
				CLANG_WARN_DOCUMENTATION_COMMENTS = YES;
				CLANG_WARN_EMPTY_BODY = YES;
				CLANG_WARN_ENUM_CONVERSION = YES;
				CLANG_WARN_INFINITE_RECURSION = YES;
				CLANG_WARN_INT_CONVERSION = YES;
				CLANG_WARN_NON_LITERAL_NULL_CONVERSION = YES;
				CLANG_WARN_OBJC_LITERAL_CONVERSION = YES;
				CLANG_WARN_OBJC_ROOT_CLASS = YES_ERROR;
				CLANG_WARN_RANGE_LOOP_ANALYSIS = YES;
				CLANG_WARN_STRICT_PROTOTYPES = YES;
				CLANG_WARN_SUSPICIOUS_MOVE = YES;
				CLANG_WARN_UNGUARDED_AVAILABILITY = YES_AGGRESSIVE;
				CLANG_WARN_UNREACHABLE_CODE = YES;
				CLANG_WARN__DUPLICATE_METHOD_MATCH = YES;
				CODE_SIGN_IDENTITY = "-";
				COPY_PHASE_STRIP = NO;
				DEBUG_INFORMATION_FORMAT = dwarf;
				ENABLE_STRICT_OBJC_MSGSEND = YES;
				ENABLE_TESTABILITY = YES;
				GCC_C_LANGUAGE_STANDARD = gnu11;
				GCC_DYNAMIC_NO_PIC = NO;
				GCC_NO_COMMON_BLOCKS = YES;
				GCC_OPTIMIZATION_LEVEL = 0;
				GCC_PREPROCESSOR_DEFINITIONS = (
					"DEBUG=1",
					"$(inherited)",
				);
				GCC_WARN_64_TO_32_BIT_CONVERSION = YES;
				GCC_WARN_ABOUT_RETURN_TYPE = YES_ERROR;
				GCC_WARN_UNDECLARED_SELECTOR = YES;
				GCC_WARN_UNINITIALIZED_AUTOS = YES_AGGRESSIVE;
				GCC_WARN_UNUSED_FUNCTION = YES;
				GCC_WARN_UNUSED_VARIABLE = YES;
				MACOSX_DEPLOYMENT_TARGET = 10.13;
				MTL_ENABLE_DEBUG_INFO = YES;
				ONLY_ACTIVE_ARCH = YES;
				SDKROOT = macosx;
			};
			name = Debug;
		};
		9F67664F2059292B0001AAC3 /* Release */ = {
			isa = XCBuildConfiguration;
			buildSettings = {
				ALWAYS_SEARCH_USER_PATHS = NO;
				CLANG_ANALYZER_NONNULL = YES;
				CLANG_ANALYZER_NUMBER_OBJECT_CONVERSION = YES_AGGRESSIVE;
				CLANG_CXX_LANGUAGE_STANDARD = "gnu++14";
				CLANG_CXX_LIBRARY = "libc++";
				CLANG_ENABLE_MODULES = YES;
				CLANG_ENABLE_OBJC_ARC = YES;
				CLANG_WARN_BLOCK_CAPTURE_AUTORELEASING = YES;
				CLANG_WARN_BOOL_CONVERSION = YES;
				CLANG_WARN_COMMA = YES;
				CLANG_WARN_CONSTANT_CONVERSION = YES;
				CLANG_WARN_DIRECT_OBJC_ISA_USAGE = YES_ERROR;
				CLANG_WARN_DOCUMENTATION_COMMENTS = YES;
				CLANG_WARN_EMPTY_BODY = YES;
				CLANG_WARN_ENUM_CONVERSION = YES;
				CLANG_WARN_INFINITE_RECURSION = YES;
				CLANG_WARN_INT_CONVERSION = YES;
				CLANG_WARN_NON_LITERAL_NULL_CONVERSION = YES;
				CLANG_WARN_OBJC_LITERAL_CONVERSION = YES;
				CLANG_WARN_OBJC_ROOT_CLASS = YES_ERROR;
				CLANG_WARN_RANGE_LOOP_ANALYSIS = YES;
				CLANG_WARN_STRICT_PROTOTYPES = YES;
				CLANG_WARN_SUSPICIOUS_MOVE = YES;
				CLANG_WARN_UNGUARDED_AVAILABILITY = YES_AGGRESSIVE;
				CLANG_WARN_UNREACHABLE_CODE = YES;
				CLANG_WARN__DUPLICATE_METHOD_MATCH = YES;
				CODE_SIGN_IDENTITY = "-";
				COPY_PHASE_STRIP = NO;
				DEBUG_INFORMATION_FORMAT = "dwarf-with-dsym";
				ENABLE_NS_ASSERTIONS = NO;
				ENABLE_STRICT_OBJC_MSGSEND = YES;
				GCC_C_LANGUAGE_STANDARD = gnu11;
				GCC_NO_COMMON_BLOCKS = YES;
				GCC_WARN_64_TO_32_BIT_CONVERSION = YES;
				GCC_WARN_ABOUT_RETURN_TYPE = YES_ERROR;
				GCC_WARN_UNDECLARED_SELECTOR = YES;
				GCC_WARN_UNINITIALIZED_AUTOS = YES_AGGRESSIVE;
				GCC_WARN_UNUSED_FUNCTION = YES;
				GCC_WARN_UNUSED_VARIABLE = YES;
				MACOSX_DEPLOYMENT_TARGET = 10.13;
				MTL_ENABLE_DEBUG_INFO = NO;
				SDKROOT = macosx;
			};
			name = Release;
		};
		9F6766512059292B0001AAC3 /* Debug */ = {
			isa = XCBuildConfiguration;
			buildSettings = {
				CODE_SIGN_STYLE = Automatic;
				PRODUCT_NAME = "$(TARGET_NAME)";
			};
			name = Debug;
		};
		9F6766522059292B0001AAC3 /* Release */ = {
			isa = XCBuildConfiguration;
			buildSettings = {
				CODE_SIGN_STYLE = Automatic;
				PRODUCT_NAME = "$(TARGET_NAME)";
			};
			name = Release;
		};
/* End XCBuildConfiguration section */

/* Begin XCConfigurationList section */
		9F6766442059292B0001AAC3 /* Build configuration list for PBXProject "lab2" */ = {
			isa = XCConfigurationList;
			buildConfigurations = (
				9F67664E2059292B0001AAC3 /* Debug */,
				9F67664F2059292B0001AAC3 /* Release */,
			);
			defaultConfigurationIsVisible = 0;
			defaultConfigurationName = Release;
		};
		9F6766502059292B0001AAC3 /* Build configuration list for PBXNativeTarget "lab2" */ = {
			isa = XCConfigurationList;
			buildConfigurations = (
				9F6766512059292B0001AAC3 /* Debug */,
				9F6766522059292B0001AAC3 /* Release */,
			);
			defaultConfigurationIsVisible = 0;
			defaultConfigurationName = Release;
		};
/* End XCConfigurationList section */
	};
	rootObject = 9F6766412059292B0001AAC3 /* Project object */;
}
