// !$*UTF8*$!
{
	archiveVersion = 1;
	classes = {
	};
	objectVersion = 48;
	objects = {

/* Begin PBXBuildFile section */
		9F1AE9B1207A0C0600A1DC8A /* main.c in Sources */ = {isa = PBXBuildFile; fileRef = 9F1AE9B0207A0C0600A1DC8A /* main.c */; };
		9FE456EE206B79BF00DE9ECA /* main.c in Sources */ = {isa = PBXBuildFile; fileRef = 9FE456ED206B79BF00DE9ECA /* main.c */; };
		9FE456F1206B88F800DE9ECA /* main2.c in Sources */ = {isa = PBXBuildFile; fileRef = 9FE456F0206B88F800DE9ECA /* main2.c */; };
		9FE568D5207D437800C18D50 /* main.c in Sources */ = {isa = PBXBuildFile; fileRef = 9FE568D4207D437800C18D50 /* main.c */; };
/* End PBXBuildFile section */

/* Begin PBXCopyFilesBuildPhase section */
		9FE456DF206B79A400DE9ECA /* CopyFiles */ = {
			isa = PBXCopyFilesBuildPhase;
			buildActionMask = 2147483647;
			dstPath = /usr/share/man/man1/;
			dstSubfolderSpec = 0;
			files = (
			);
			runOnlyForDeploymentPostprocessing = 1;
		};
/* End PBXCopyFilesBuildPhase section */

/* Begin PBXFileReference section */
		9F1AE9AF207A0C0600A1DC8A /* main.h */ = {isa = PBXFileReference; lastKnownFileType = sourcecode.c.h; path = main.h; sourceTree = "<group>"; };
		9F1AE9B0207A0C0600A1DC8A /* main.c */ = {isa = PBXFileReference; lastKnownFileType = sourcecode.c.c; path = main.c; sourceTree = "<group>"; };
		9FE456E1206B79A400DE9ECA /* lab4 */ = {isa = PBXFileReference; explicitFileType = "compiled.mach-o.executable"; includeInIndex = 0; path = lab4; sourceTree = BUILT_PRODUCTS_DIR; };
		9FE456EC206B79BF00DE9ECA /* main.h */ = {isa = PBXFileReference; lastKnownFileType = sourcecode.c.h; path = main.h; sourceTree = "<group>"; };
		9FE456ED206B79BF00DE9ECA /* main.c */ = {isa = PBXFileReference; lastKnownFileType = sourcecode.c.c; path = main.c; sourceTree = "<group>"; };
		9FE456EF206B88F800DE9ECA /* main2.h */ = {isa = PBXFileReference; lastKnownFileType = sourcecode.c.h; path = main2.h; sourceTree = "<group>"; };
		9FE456F0206B88F800DE9ECA /* main2.c */ = {isa = PBXFileReference; lastKnownFileType = sourcecode.c.c; path = main2.c; sourceTree = "<group>"; };
		9FE568D3207D437800C18D50 /* main.h */ = {isa = PBXFileReference; lastKnownFileType = sourcecode.c.h; path = main.h; sourceTree = "<group>"; };
		9FE568D4207D437800C18D50 /* main.c */ = {isa = PBXFileReference; lastKnownFileType = sourcecode.c.c; path = main.c; sourceTree = "<group>"; };
/* End PBXFileReference section */

/* Begin PBXFrameworksBuildPhase section */
		9FE456DE206B79A400DE9ECA /* Frameworks */ = {
			isa = PBXFrameworksBuildPhase;
			buildActionMask = 2147483647;
			files = (
			);
			runOnlyForDeploymentPostprocessing = 0;
		};
/* End PBXFrameworksBuildPhase section */

/* Begin PBXGroup section */
		9F1AE9AE207A0BF400A1DC8A /* zad2 */ = {
			isa = PBXGroup;
			children = (
				9F1AE9AF207A0C0600A1DC8A /* main.h */,
				9F1AE9B0207A0C0600A1DC8A /* main.c */,
			);
			path = zad2;
			sourceTree = "<group>";
		};
		9FE456D8206B79A400DE9ECA = {
			isa = PBXGroup;
			children = (
				9FE456E3206B79A400DE9ECA /* lab4 */,
				9FE456E2206B79A400DE9ECA /* Products */,
			);
			sourceTree = "<group>";
		};
		9FE456E2206B79A400DE9ECA /* Products */ = {
			isa = PBXGroup;
			children = (
				9FE456E1206B79A400DE9ECA /* lab4 */,
			);
			name = Products;
			sourceTree = "<group>";
		};
		9FE456E3206B79A400DE9ECA /* lab4 */ = {
			isa = PBXGroup;
			children = (
				9FE568D2207D436500C18D50 /* zad3 */,
				9F1AE9AE207A0BF400A1DC8A /* zad2 */,
				9FE456EB206B79AC00DE9ECA /* zad1 */,
			);
			path = lab4;
			sourceTree = "<group>";
		};
		9FE456EB206B79AC00DE9ECA /* zad1 */ = {
			isa = PBXGroup;
			children = (
				9FE456EC206B79BF00DE9ECA /* main.h */,
				9FE456ED206B79BF00DE9ECA /* main.c */,
				9FE456EF206B88F800DE9ECA /* main2.h */,
				9FE456F0206B88F800DE9ECA /* main2.c */,
			);
			path = zad1;
			sourceTree = "<group>";
		};
		9FE568D2207D436500C18D50 /* zad3 */ = {
			isa = PBXGroup;
			children = (
				9FE568D3207D437800C18D50 /* main.h */,
				9FE568D4207D437800C18D50 /* main.c */,
			);
			path = zad3;
			sourceTree = "<group>";
		};
/* End PBXGroup section */

/* Begin PBXNativeTarget section */
		9FE456E0206B79A400DE9ECA /* lab4 */ = {
			isa = PBXNativeTarget;
			buildConfigurationList = 9FE456E8206B79A400DE9ECA /* Build configuration list for PBXNativeTarget "lab4" */;
			buildPhases = (
				9FE456DD206B79A400DE9ECA /* Sources */,
				9FE456DE206B79A400DE9ECA /* Frameworks */,
				9FE456DF206B79A400DE9ECA /* CopyFiles */,
			);
			buildRules = (
			);
			dependencies = (
			);
			name = lab4;
			productName = lab4;
			productReference = 9FE456E1206B79A400DE9ECA /* lab4 */;
			productType = "com.apple.product-type.tool";
		};
/* End PBXNativeTarget section */

/* Begin PBXProject section */
		9FE456D9206B79A400DE9ECA /* Project object */ = {
			isa = PBXProject;
			attributes = {
				LastUpgradeCheck = 0920;
				ORGANIZATIONNAME = "Mateusz Zembol";
				TargetAttributes = {
					9FE456E0206B79A400DE9ECA = {
						CreatedOnToolsVersion = 9.2;
						ProvisioningStyle = Automatic;
					};
				};
			};
			buildConfigurationList = 9FE456DC206B79A400DE9ECA /* Build configuration list for PBXProject "lab4" */;
			compatibilityVersion = "Xcode 8.0";
			developmentRegion = en;
			hasScannedForEncodings = 0;
			knownRegions = (
				en,
			);
			mainGroup = 9FE456D8206B79A400DE9ECA;
			productRefGroup = 9FE456E2206B79A400DE9ECA /* Products */;
			projectDirPath = "";
			projectRoot = "";
			targets = (
				9FE456E0206B79A400DE9ECA /* lab4 */,
			);
		};
/* End PBXProject section */

/* Begin PBXSourcesBuildPhase section */
		9FE456DD206B79A400DE9ECA /* Sources */ = {
			isa = PBXSourcesBuildPhase;
			buildActionMask = 2147483647;
			files = (
				9FE568D5207D437800C18D50 /* main.c in Sources */,
				9FE456EE206B79BF00DE9ECA /* main.c in Sources */,
				9FE456F1206B88F800DE9ECA /* main2.c in Sources */,
				9F1AE9B1207A0C0600A1DC8A /* main.c in Sources */,
			);
			runOnlyForDeploymentPostprocessing = 0;
		};
/* End PBXSourcesBuildPhase section */

/* Begin XCBuildConfiguration section */
		9FE456E6206B79A400DE9ECA /* Debug */ = {
			isa = XCBuildConfiguration;
			buildSettings = {
				ALWAYS_SEARCH_USER_PATHS = NO;
				CLANG_ANALYZER_NONNULL = YES;
				CLANG_ANALYZER_NUMBER_OBJECT_CONVERSION = YES_AGGRESSIVE;
				CLANG_CXX_LANGUAGE_STANDARD = "gnu++14";
				CLANG_CXX_LIBRARY = "libc++";
				CLANG_ENABLE_MODULES = YES;
				CLANG_ENABLE_OBJC_ARC = YES;
				CLANG_WARN_BLOCK_CAPTURE_AUTORELEASING = YES;
				CLANG_WARN_BOOL_CONVERSION = YES;
				CLANG_WARN_COMMA = YES;
				CLANG_WARN_CONSTANT_CONVERSION = YES;
				CLANG_WARN_DIRECT_OBJC_ISA_USAGE = YES_ERROR;
				CLANG_WARN_DOCUMENTATION_COMMENTS = YES;
				CLANG_WARN_EMPTY_BODY = YES;
				CLANG_WARN_ENUM_CONVERSION = YES;
				CLANG_WARN_INFINITE_RECURSION = YES;
				CLANG_WARN_INT_CONVERSION = YES;
				CLANG_WARN_NON_LITERAL_NULL_CONVERSION = YES;
				CLANG_WARN_OBJC_LITERAL_CONVERSION = YES;
				CLANG_WARN_OBJC_ROOT_CLASS = YES_ERROR;
				CLANG_WARN_RANGE_LOOP_ANALYSIS = YES;
				CLANG_WARN_STRICT_PROTOTYPES = YES;
				CLANG_WARN_SUSPICIOUS_MOVE = YES;
				CLANG_WARN_UNGUARDED_AVAILABILITY = YES_AGGRESSIVE;
				CLANG_WARN_UNREACHABLE_CODE = YES;
				CLANG_WARN__DUPLICATE_METHOD_MATCH = YES;
				CODE_SIGN_IDENTITY = "-";
				COPY_PHASE_STRIP = NO;
				DEBUG_INFORMATION_FORMAT = dwarf;
				ENABLE_STRICT_OBJC_MSGSEND = YES;
				ENABLE_TESTABILITY = YES;
				GCC_C_LANGUAGE_STANDARD = gnu11;
				GCC_DYNAMIC_NO_PIC = NO;
				GCC_NO_COMMON_BLOCKS = YES;
				GCC_OPTIMIZATION_LEVEL = 0;
				GCC_PREPROCESSOR_DEFINITIONS = (
					"DEBUG=1",
					"$(inherited)",
				);
				GCC_WARN_64_TO_32_BIT_CONVERSION = YES;
				GCC_WARN_ABOUT_RETURN_TYPE = YES_ERROR;
				GCC_WARN_UNDECLARED_SELECTOR = YES;
				GCC_WARN_UNINITIALIZED_AUTOS = YES_AGGRESSIVE;
				GCC_WARN_UNUSED_FUNCTION = YES;
				GCC_WARN_UNUSED_VARIABLE = YES;
				MACOSX_DEPLOYMENT_TARGET = 10.13;
				MTL_ENABLE_DEBUG_INFO = YES;
				ONLY_ACTIVE_ARCH = YES;
				SDKROOT = macosx;
			};
			name = Debug;
		};
		9FE456E7206B79A400DE9ECA /* Release */ = {
			isa = XCBuildConfiguration;
			buildSettings = {
				ALWAYS_SEARCH_USER_PATHS = NO;
				CLANG_ANALYZER_NONNULL = YES;
				CLANG_ANALYZER_NUMBER_OBJECT_CONVERSION = YES_AGGRESSIVE;
				CLANG_CXX_LANGUAGE_STANDARD = "gnu++14";
				CLANG_CXX_LIBRARY = "libc++";
				CLANG_ENABLE_MODULES = YES;
				CLANG_ENABLE_OBJC_ARC = YES;
				CLANG_WARN_BLOCK_CAPTURE_AUTORELEASING = YES;
				CLANG_WARN_BOOL_CONVERSION = YES;
				CLANG_WARN_COMMA = YES;
				CLANG_WARN_CONSTANT_CONVERSION = YES;
				CLANG_WARN_DIRECT_OBJC_ISA_USAGE = YES_ERROR;
				CLANG_WARN_DOCUMENTATION_COMMENTS = YES;
				CLANG_WARN_EMPTY_BODY = YES;
				CLANG_WARN_ENUM_CONVERSION = YES;
				CLANG_WARN_INFINITE_RECURSION = YES;
				CLANG_WARN_INT_CONVERSION = YES;
				CLANG_WARN_NON_LITERAL_NULL_CONVERSION = YES;
				CLANG_WARN_OBJC_LITERAL_CONVERSION = YES;
				CLANG_WARN_OBJC_ROOT_CLASS = YES_ERROR;
				CLANG_WARN_RANGE_LOOP_ANALYSIS = YES;
				CLANG_WARN_STRICT_PROTOTYPES = YES;
				CLANG_WARN_SUSPICIOUS_MOVE = YES;
				CLANG_WARN_UNGUARDED_AVAILABILITY = YES_AGGRESSIVE;
				CLANG_WARN_UNREACHABLE_CODE = YES;
				CLANG_WARN__DUPLICATE_METHOD_MATCH = YES;
				CODE_SIGN_IDENTITY = "-";
				COPY_PHASE_STRIP = NO;
				DEBUG_INFORMATION_FORMAT = "dwarf-with-dsym";
				ENABLE_NS_ASSERTIONS = NO;
				ENABLE_STRICT_OBJC_MSGSEND = YES;
				GCC_C_LANGUAGE_STANDARD = gnu11;
				GCC_NO_COMMON_BLOCKS = YES;
				GCC_WARN_64_TO_32_BIT_CONVERSION = YES;
				GCC_WARN_ABOUT_RETURN_TYPE = YES_ERROR;
				GCC_WARN_UNDECLARED_SELECTOR = YES;
				GCC_WARN_UNINITIALIZED_AUTOS = YES_AGGRESSIVE;
				GCC_WARN_UNUSED_FUNCTION = YES;
				GCC_WARN_UNUSED_VARIABLE = YES;
				MACOSX_DEPLOYMENT_TARGET = 10.13;
				MTL_ENABLE_DEBUG_INFO = NO;
				SDKROOT = macosx;
			};
			name = Release;
		};
		9FE456E9206B79A400DE9ECA /* Debug */ = {
			isa = XCBuildConfiguration;
			buildSettings = {
				CODE_SIGN_STYLE = Automatic;
				PRODUCT_NAME = "$(TARGET_NAME)";
			};
			name = Debug;
		};
		9FE456EA206B79A400DE9ECA /* Release */ = {
			isa = XCBuildConfiguration;
			buildSettings = {
				CODE_SIGN_STYLE = Automatic;
				PRODUCT_NAME = "$(TARGET_NAME)";
			};
			name = Release;
		};
/* End XCBuildConfiguration section */

/* Begin XCConfigurationList section */
		9FE456DC206B79A400DE9ECA /* Build configuration list for PBXProject "lab4" */ = {
			isa = XCConfigurationList;
			buildConfigurations = (
				9FE456E6206B79A400DE9ECA /* Debug */,
				9FE456E7206B79A400DE9ECA /* Release */,
			);
			defaultConfigurationIsVisible = 0;
			defaultConfigurationName = Release;
		};
		9FE456E8206B79A400DE9ECA /* Build configuration list for PBXNativeTarget "lab4" */ = {
			isa = XCConfigurationList;
			buildConfigurations = (
				9FE456E9206B79A400DE9ECA /* Debug */,
				9FE456EA206B79A400DE9ECA /* Release */,
			);
			defaultConfigurationIsVisible = 0;
			defaultConfigurationName = Release;
		};
/* End XCConfigurationList section */
	};
	rootObject = 9FE456D9206B79A400DE9ECA /* Project object */;
}
